
Microsoft Visual Studio Solution File, Format Version 12.00
# Visual Studio 14
VisualStudioVersion = 14.0.24720.0
MinimumVisualStudioVersion = 10.0.40219.1
Project("{FAE04EC0-301F-11D3-BF4B-00C04F79EFBC}") = "Server", "Server\Server.csproj", "{42A0253E-0B01-4F40-8925-BCF3C47170DD}"
EndProject
Project("{FAE04EC0-301F-11D3-BF4B-00C04F79EFBC}") = "Common", "Common\Common.csproj", "{337046FB-39A0-4F45-9C91-BE4EE45F4670}"
EndProject
Project("{FAE04EC0-301F-11D3-BF4B-00C04F79EFBC}") = "Remotes", "Remotes\Remotes.csproj", "{F92850A9-6762-4B5A-8D29-C8637A538710}"
EndProject
Project("{FAE04EC0-301F-11D3-BF4B-00C04F79EFBC}") = "Client", "Client\Client.csproj", "{F7789816-7A44-488D-82FA-224C8FC1CFB2}"
EndProject
Project("{FAE04EC0-301F-11D3-BF4B-00C04F79EFBC}") = "DinningRoom", "DiningRoom\DinningRoom.csproj", "{CF63BBCB-EC9C-43CA-941B-68C1E762CA5C}"
EndProject
Project("{FAE04EC0-301F-11D3-BF4B-00C04F79EFBC}") = "BarCounter", "Bar\BarCounter.csproj", "{35584D43-8090-4ADA-AEC3-FC0115BA35B9}"
EndProject
Global
	GlobalSection(SolutionConfigurationPlatforms) = preSolution
		Debug|Any CPU = Debug|Any CPU
		Release|Any CPU = Release|Any CPU
	EndGlobalSection
	GlobalSection(ProjectConfigurationPlatforms) = postSolution
		{42A0253E-0B01-4F40-8925-BCF3C47170DD}.Debug|Any CPU.ActiveCfg = Debug|Any CPU
		{42A0253E-0B01-4F40-8925-BCF3C47170DD}.Debug|Any CPU.Build.0 = Debug|Any CPU
		{42A0253E-0B01-4F40-8925-BCF3C47170DD}.Release|Any CPU.ActiveCfg = Release|Any CPU
		{42A0253E-0B01-4F40-8925-BCF3C47170DD}.Release|Any CPU.Build.0 = Release|Any CPU
		{337046FB-39A0-4F45-9C91-BE4EE45F4670}.Debug|Any CPU.ActiveCfg = Debug|Any CPU
		{337046FB-39A0-4F45-9C91-BE4EE45F4670}.Debug|Any CPU.Build.0 = Debug|Any CPU
		{337046FB-39A0-4F45-9C91-BE4EE45F4670}.Release|Any CPU.ActiveCfg = Release|Any CPU
		{337046FB-39A0-4F45-9C91-BE4EE45F4670}.Release|Any CPU.Build.0 = Release|Any CPU
		{F92850A9-6762-4B5A-8D29-C8637A538710}.Debug|Any CPU.ActiveCfg = Debug|Any CPU
		{F92850A9-6762-4B5A-8D29-C8637A538710}.Debug|Any CPU.Build.0 = Debug|Any CPU
		{F92850A9-6762-4B5A-8D29-C8637A538710}.Release|Any CPU.ActiveCfg = Release|Any CPU
		{F92850A9-6762-4B5A-8D29-C8637A538710}.Release|Any CPU.Build.0 = Release|Any CPU
		{F7789816-7A44-488D-82FA-224C8FC1CFB2}.Debug|Any CPU.ActiveCfg = Debug|Any CPU
		{F7789816-7A44-488D-82FA-224C8FC1CFB2}.Debug|Any CPU.Build.0 = Debug|Any CPU
		{F7789816-7A44-488D-82FA-224C8FC1CFB2}.Release|Any CPU.ActiveCfg = Release|Any CPU
		{F7789816-7A44-488D-82FA-224C8FC1CFB2}.Release|Any CPU.Build.0 = Release|Any CPU
		{CF63BBCB-EC9C-43CA-941B-68C1E762CA5C}.Debug|Any CPU.ActiveCfg = Debug|Any CPU
		{CF63BBCB-EC9C-43CA-941B-68C1E762CA5C}.Debug|Any CPU.Build.0 = Debug|Any CPU
		{CF63BBCB-EC9C-43CA-941B-68C1E762CA5C}.Release|Any CPU.ActiveCfg = Release|Any CPU
		{CF63BBCB-EC9C-43CA-941B-68C1E762CA5C}.Release|Any CPU.Build.0 = Release|Any CPU
		{35584D43-8090-4ADA-AEC3-FC0115BA35B9}.Debug|Any CPU.ActiveCfg = Debug|Any CPU
		{35584D43-8090-4ADA-AEC3-FC0115BA35B9}.Debug|Any CPU.Build.0 = Debug|Any CPU
		{35584D43-8090-4ADA-AEC3-FC0115BA35B9}.Release|Any CPU.ActiveCfg = Release|Any CPU
		{35584D43-8090-4ADA-AEC3-FC0115BA35B9}.Release|Any CPU.Build.0 = Release|Any CPU
	EndGlobalSection
	GlobalSection(SolutionProperties) = preSolution
		HideSolutionNode = FALSE
	EndGlobalSection
EndGlobal
